
Microsoft Visual Studio Solution File, Format Version 12.00
# Visual Studio 14
VisualStudioVersion = 14.0.25123.0
MinimumVisualStudioVersion = 10.0.40219.1
Project("{FAE04EC0-301F-11D3-BF4B-00C04F79EFBC}") = "StaticManualDI", "StaticManualDI\StaticManualDI.csproj", "{2F81D81A-D1E3-459C-885E-6547C0591597}"
EndProject
Project("{FAE04EC0-301F-11D3-BF4B-00C04F79EFBC}") = "NinjectDI", "NinjectDI\NinjectDI.csproj", "{EF910783-E33A-4107-BD34-DC176ACDB362}"
EndProject
Global
	GlobalSection(SolutionConfigurationPlatforms) = preSolution
		Debug|Any CPU = Debug|Any CPU
		Release|Any CPU = Release|Any CPU
	EndGlobalSection
	GlobalSection(ProjectConfigurationPlatforms) = postSolution
		{2F81D81A-D1E3-459C-885E-6547C0591597}.Debug|Any CPU.ActiveCfg = Debug|Any CPU
		{2F81D81A-D1E3-459C-885E-6547C0591597}.Debug|Any CPU.Build.0 = Debug|Any CPU
		{2F81D81A-D1E3-459C-885E-6547C0591597}.Release|Any CPU.ActiveCfg = Release|Any CPU
		{2F81D81A-D1E3-459C-885E-6547C0591597}.Release|Any CPU.Build.0 = Release|Any CPU
		{EF910783-E33A-4107-BD34-DC176ACDB362}.Debug|Any CPU.ActiveCfg = Debug|Any CPU
		{EF910783-E33A-4107-BD34-DC176ACDB362}.Debug|Any CPU.Build.0 = Debug|Any CPU
		{EF910783-E33A-4107-BD34-DC176ACDB362}.Release|Any CPU.ActiveCfg = Release|Any CPU
		{EF910783-E33A-4107-BD34-DC176ACDB362}.Release|Any CPU.Build.0 = Release|Any CPU
	EndGlobalSection
	GlobalSection(SolutionProperties) = preSolution
		HideSolutionNode = FALSE
	EndGlobalSection
EndGlobal
