
Microsoft Visual Studio Solution File, Format Version 12.00
# Visual Studio 14
VisualStudioVersion = 14.0.25420.1
MinimumVisualStudioVersion = 10.0.40219.1
Project("{FAE04EC0-301F-11D3-BF4B-00C04F79EFBC}") = "Algorithms", "Algorithms\Algorithms.csproj", "{807FB40C-FE67-4100-BDA0-28D78984B478}"
EndProject
Project("{2150E333-8FDC-42A3-9474-1A3956D46DE8}") = "DI", "DI", "{A6837DD0-4796-42AA-AFC4-2E3E3B4BC15B}"
EndProject
Project("{FAE04EC0-301F-11D3-BF4B-00C04F79EFBC}") = "NinjectDI", "DI\NinjectDI\NinjectDI.csproj", "{EF910783-E33A-4107-BD34-DC176ACDB362}"
EndProject
Project("{FAE04EC0-301F-11D3-BF4B-00C04F79EFBC}") = "RepoFactoryDI", "DI\RepoFactoryDI\RepoFactoryDI.csproj", "{69D967DA-3EF6-40A0-881C-34D7CF31A220}"
EndProject
Project("{FAE04EC0-301F-11D3-BF4B-00C04F79EFBC}") = "ManualProviderT", "DI\StaticManualDI\ManualProviderT.csproj", "{2F81D81A-D1E3-459C-885E-6547C0591597}"
EndProject
Project("{2150E333-8FDC-42A3-9474-1A3956D46DE8}") = "Config", "Config", "{2BE41AC9-F5A3-46C7-BEA9-BE68A524AF1D}"
EndProject
Project("{FAE04EC0-301F-11D3-BF4B-00C04F79EFBC}") = "MyConfiguration", "Config\MyConfiguration.csproj", "{8E8392CA-88B0-46A5-8F0A-49CFA120A592}"
EndProject
Project("{FAE04EC0-301F-11D3-BF4B-00C04F79EFBC}") = "ManualProviderTests", "ManualProviderTests\ManualProviderTests.csproj", "{19F9742D-C103-4FB8-809D-B9983685E415}"
EndProject
Project("{FAE04EC0-301F-11D3-BF4B-00C04F79EFBC}") = "Tests", "Tests\Tests.csproj", "{AE47C1DE-5CE2-4411-8C17-4EA362E16E1E}"
EndProject
Global
	GlobalSection(SolutionConfigurationPlatforms) = preSolution
		Debug|Any CPU = Debug|Any CPU
		Release|Any CPU = Release|Any CPU
	EndGlobalSection
	GlobalSection(ProjectConfigurationPlatforms) = postSolution
		{807FB40C-FE67-4100-BDA0-28D78984B478}.Debug|Any CPU.ActiveCfg = Debug|Any CPU
		{807FB40C-FE67-4100-BDA0-28D78984B478}.Debug|Any CPU.Build.0 = Debug|Any CPU
		{807FB40C-FE67-4100-BDA0-28D78984B478}.Release|Any CPU.ActiveCfg = Release|Any CPU
		{807FB40C-FE67-4100-BDA0-28D78984B478}.Release|Any CPU.Build.0 = Release|Any CPU
		{EF910783-E33A-4107-BD34-DC176ACDB362}.Debug|Any CPU.ActiveCfg = Debug|Any CPU
		{EF910783-E33A-4107-BD34-DC176ACDB362}.Debug|Any CPU.Build.0 = Debug|Any CPU
		{EF910783-E33A-4107-BD34-DC176ACDB362}.Release|Any CPU.ActiveCfg = Release|Any CPU
		{EF910783-E33A-4107-BD34-DC176ACDB362}.Release|Any CPU.Build.0 = Release|Any CPU
		{69D967DA-3EF6-40A0-881C-34D7CF31A220}.Debug|Any CPU.ActiveCfg = Debug|Any CPU
		{69D967DA-3EF6-40A0-881C-34D7CF31A220}.Debug|Any CPU.Build.0 = Debug|Any CPU
		{69D967DA-3EF6-40A0-881C-34D7CF31A220}.Release|Any CPU.ActiveCfg = Release|Any CPU
		{69D967DA-3EF6-40A0-881C-34D7CF31A220}.Release|Any CPU.Build.0 = Release|Any CPU
		{2F81D81A-D1E3-459C-885E-6547C0591597}.Debug|Any CPU.ActiveCfg = Debug|Any CPU
		{2F81D81A-D1E3-459C-885E-6547C0591597}.Debug|Any CPU.Build.0 = Debug|Any CPU
		{2F81D81A-D1E3-459C-885E-6547C0591597}.Release|Any CPU.ActiveCfg = Release|Any CPU
		{2F81D81A-D1E3-459C-885E-6547C0591597}.Release|Any CPU.Build.0 = Release|Any CPU
		{8E8392CA-88B0-46A5-8F0A-49CFA120A592}.Debug|Any CPU.ActiveCfg = Debug|Any CPU
		{8E8392CA-88B0-46A5-8F0A-49CFA120A592}.Debug|Any CPU.Build.0 = Debug|Any CPU
		{8E8392CA-88B0-46A5-8F0A-49CFA120A592}.Release|Any CPU.ActiveCfg = Release|Any CPU
		{8E8392CA-88B0-46A5-8F0A-49CFA120A592}.Release|Any CPU.Build.0 = Release|Any CPU
		{19F9742D-C103-4FB8-809D-B9983685E415}.Debug|Any CPU.ActiveCfg = Debug|Any CPU
		{19F9742D-C103-4FB8-809D-B9983685E415}.Debug|Any CPU.Build.0 = Debug|Any CPU
		{19F9742D-C103-4FB8-809D-B9983685E415}.Release|Any CPU.ActiveCfg = Release|Any CPU
		{19F9742D-C103-4FB8-809D-B9983685E415}.Release|Any CPU.Build.0 = Release|Any CPU
		{AE47C1DE-5CE2-4411-8C17-4EA362E16E1E}.Debug|Any CPU.ActiveCfg = Debug|Any CPU
		{AE47C1DE-5CE2-4411-8C17-4EA362E16E1E}.Debug|Any CPU.Build.0 = Debug|Any CPU
		{AE47C1DE-5CE2-4411-8C17-4EA362E16E1E}.Release|Any CPU.ActiveCfg = Release|Any CPU
		{AE47C1DE-5CE2-4411-8C17-4EA362E16E1E}.Release|Any CPU.Build.0 = Release|Any CPU
	EndGlobalSection
	GlobalSection(SolutionProperties) = preSolution
		HideSolutionNode = FALSE
	EndGlobalSection
	GlobalSection(NestedProjects) = preSolution
		{EF910783-E33A-4107-BD34-DC176ACDB362} = {A6837DD0-4796-42AA-AFC4-2E3E3B4BC15B}
		{69D967DA-3EF6-40A0-881C-34D7CF31A220} = {A6837DD0-4796-42AA-AFC4-2E3E3B4BC15B}
		{2F81D81A-D1E3-459C-885E-6547C0591597} = {A6837DD0-4796-42AA-AFC4-2E3E3B4BC15B}
		{8E8392CA-88B0-46A5-8F0A-49CFA120A592} = {2BE41AC9-F5A3-46C7-BEA9-BE68A524AF1D}
		{19F9742D-C103-4FB8-809D-B9983685E415} = {A6837DD0-4796-42AA-AFC4-2E3E3B4BC15B}
	EndGlobalSection
EndGlobal
